
Microsoft Visual Studio Solution File, Format Version 12.00
Project("{FAE04EC0-301F-11D3-BF4B-00C04F79EFBC}") = "StringInterning", "StringInterning\StringInterning.csproj", "{E74D34A0-F07F-4FA0-A1C9-5D9855F8FB2D}"
EndProject
Global
	GlobalSection(SolutionConfigurationPlatforms) = preSolution
		Debug|Any CPU = Debug|Any CPU
		Release|Any CPU = Release|Any CPU
	EndGlobalSection
	GlobalSection(ProjectConfigurationPlatforms) = postSolution
		{E74D34A0-F07F-4FA0-A1C9-5D9855F8FB2D}.Debug|Any CPU.ActiveCfg = Debug|Any CPU
		{E74D34A0-F07F-4FA0-A1C9-5D9855F8FB2D}.Debug|Any CPU.Build.0 = Debug|Any CPU
		{E74D34A0-F07F-4FA0-A1C9-5D9855F8FB2D}.Release|Any CPU.ActiveCfg = Release|Any CPU
		{E74D34A0-F07F-4FA0-A1C9-5D9855F8FB2D}.Release|Any CPU.Build.0 = Release|Any CPU
	EndGlobalSection
EndGlobal
